// !$*UTF8*$!
{
	archiveVersion = 1;
	classes = {
	};
	objectVersion = 50;
	objects = {

/* Begin PBXBuildFile section */
		332BCA23254038570079C142 /* main.cpp in Sources */ = {isa = PBXBuildFile; fileRef = 332BCA22254038570079C142 /* main.cpp */; };
		332BCA2C25403A540079C142 /* misc.cpp in Sources */ = {isa = PBXBuildFile; fileRef = 332BCA2B25403A540079C142 /* misc.cpp */; };
		332BCA2F25403A760079C142 /* module.cpp in Sources */ = {isa = PBXBuildFile; fileRef = 332BCA2D25403A760079C142 /* module.cpp */; };
		332BCA3225403B1C0079C142 /* processor.cpp in Sources */ = {isa = PBXBuildFile; fileRef = 332BCA3025403B1C0079C142 /* processor.cpp */; };
		332BCA3525403E0B0079C142 /* modules in Copy Files */ = {isa = PBXBuildFile; fileRef = 332BCA3425403E040079C142 /* modules */; };
		332BCA3625403E0B0079C142 /* resources in Copy Files */ = {isa = PBXBuildFile; fileRef = 332BCA3325403E040079C142 /* resources */; };
		3385DDCB2564970900595F94 /* device.cpp in Sources */ = {isa = PBXBuildFile; fileRef = 3385DDC92564970900595F94 /* device.cpp */; };
/* End PBXBuildFile section */

/* Begin PBXCopyFilesBuildPhase section */
		332BCA1D254038570079C142 /* Copy Files */ = {
			isa = PBXCopyFilesBuildPhase;
			buildActionMask = 12;
			dstPath = "";
			dstSubfolderSpec = 16;
			files = (
				332BCA3525403E0B0079C142 /* modules in Copy Files */,
				332BCA3625403E0B0079C142 /* resources in Copy Files */,
			);
			name = "Copy Files";
			runOnlyForDeploymentPostprocessing = 0;
		};
/* End PBXCopyFilesBuildPhase section */

/* Begin PBXFileReference section */
		332BCA1F254038570079C142 /* ZPET */ = {isa = PBXFileReference; explicitFileType = "compiled.mach-o.executable"; includeInIndex = 0; path = ZPET; sourceTree = BUILT_PRODUCTS_DIR; };
		332BCA22254038570079C142 /* main.cpp */ = {isa = PBXFileReference; lastKnownFileType = sourcecode.cpp.cpp; path = main.cpp; sourceTree = "<group>"; };
		332BCA2A254039FE0079C142 /* misc.h */ = {isa = PBXFileReference; lastKnownFileType = sourcecode.c.h; path = misc.h; sourceTree = "<group>"; };
		332BCA2B25403A540079C142 /* misc.cpp */ = {isa = PBXFileReference; lastKnownFileType = sourcecode.cpp.cpp; path = misc.cpp; sourceTree = "<group>"; };
		332BCA2D25403A760079C142 /* module.cpp */ = {isa = PBXFileReference; lastKnownFileType = sourcecode.cpp.cpp; path = module.cpp; sourceTree = "<group>"; };
		332BCA2E25403A760079C142 /* module.hpp */ = {isa = PBXFileReference; lastKnownFileType = sourcecode.cpp.h; path = module.hpp; sourceTree = "<group>"; };
		332BCA3025403B1C0079C142 /* processor.cpp */ = {isa = PBXFileReference; lastKnownFileType = sourcecode.cpp.cpp; path = processor.cpp; sourceTree = "<group>"; };
		332BCA3125403B1C0079C142 /* processor.hpp */ = {isa = PBXFileReference; lastKnownFileType = sourcecode.cpp.h; path = processor.hpp; sourceTree = "<group>"; };
		332BCA3325403E040079C142 /* resources */ = {isa = PBXFileReference; lastKnownFileType = folder; path = resources; sourceTree = "<group>"; };
		332BCA3425403E040079C142 /* modules */ = {isa = PBXFileReference; lastKnownFileType = folder; path = modules; sourceTree = "<group>"; };
		333D219D25685AC0009EE642 /* Base64.h */ = {isa = PBXFileReference; lastKnownFileType = sourcecode.c.h; path = Base64.h; sourceTree = "<group>"; };
		3385DDC92564970900595F94 /* device.cpp */ = {isa = PBXFileReference; lastKnownFileType = sourcecode.cpp.cpp; path = device.cpp; sourceTree = "<group>"; };
		3385DDCA2564970900595F94 /* device.hpp */ = {isa = PBXFileReference; lastKnownFileType = sourcecode.cpp.h; path = device.hpp; sourceTree = "<group>"; };
/* End PBXFileReference section */

/* Begin PBXFrameworksBuildPhase section */
		332BCA1C254038570079C142 /* Frameworks */ = {
			isa = PBXFrameworksBuildPhase;
			buildActionMask = 2147483647;
			files = (
			);
			runOnlyForDeploymentPostprocessing = 0;
		};
/* End PBXFrameworksBuildPhase section */

/* Begin PBXGroup section */
		332BCA16254038570079C142 = {
			isa = PBXGroup;
			children = (
				332BCA21254038570079C142 /* ZPET */,
				332BCA20254038570079C142 /* Products */,
			);
			sourceTree = "<group>";
		};
		332BCA20254038570079C142 /* Products */ = {
			isa = PBXGroup;
			children = (
				332BCA1F254038570079C142 /* ZPET */,
			);
			name = Products;
			sourceTree = "<group>";
		};
		332BCA21254038570079C142 /* ZPET */ = {
			isa = PBXGroup;
			children = (
				3385DDCD256497D000595F94 /* moduleproc */,
				332BCA3425403E040079C142 /* modules */,
				332BCA3325403E040079C142 /* resources */,
				332BCA22254038570079C142 /* main.cpp */,
				332BCA2A254039FE0079C142 /* misc.h */,
				332BCA2B25403A540079C142 /* misc.cpp */,
				3385DDC92564970900595F94 /* device.cpp */,
				3385DDCA2564970900595F94 /* device.hpp */,
				333D219D25685AC0009EE642 /* Base64.h */,
			);
			path = ZPET;
			sourceTree = "<group>";
		};
		3385DDCD256497D000595F94 /* moduleproc */ = {
			isa = PBXGroup;
			children = (
				332BCA2E25403A760079C142 /* module.hpp */,
				332BCA3025403B1C0079C142 /* processor.cpp */,
				332BCA3125403B1C0079C142 /* processor.hpp */,
				332BCA2D25403A760079C142 /* module.cpp */,
			);
			path = moduleproc;
			sourceTree = "<group>";
		};
/* End PBXGroup section */

/* Begin PBXNativeTarget section */
		332BCA1E254038570079C142 /* ZPET */ = {
			isa = PBXNativeTarget;
			buildConfigurationList = 332BCA26254038570079C142 /* Build configuration list for PBXNativeTarget "ZPET" */;
			buildPhases = (
				332BCA1B254038570079C142 /* Sources */,
				332BCA1C254038570079C142 /* Frameworks */,
				332BCA1D254038570079C142 /* Copy Files */,
			);
			buildRules = (
			);
			dependencies = (
			);
			name = ZPET;
			productName = ZPET;
			productReference = 332BCA1F254038570079C142 /* ZPET */;
			productType = "com.apple.product-type.tool";
		};
/* End PBXNativeTarget section */

/* Begin PBXProject section */
		332BCA17254038570079C142 /* Project object */ = {
			isa = PBXProject;
			attributes = {
				LastUpgradeCheck = 1220;
				ORGANIZATIONNAME = "James Duffy";
				TargetAttributes = {
					332BCA1E254038570079C142 = {
						CreatedOnToolsVersion = 9.4.1;
					};
				};
			};
			buildConfigurationList = 332BCA1A254038570079C142 /* Build configuration list for PBXProject "ZPET" */;
			compatibilityVersion = "Xcode 9.3";
			developmentRegion = en;
			hasScannedForEncodings = 0;
			knownRegions = (
				en,
				Base,
			);
			mainGroup = 332BCA16254038570079C142;
			productRefGroup = 332BCA20254038570079C142 /* Products */;
			projectDirPath = "";
			projectRoot = "";
			targets = (
				332BCA1E254038570079C142 /* ZPET */,
			);
		};
/* End PBXProject section */

/* Begin PBXSourcesBuildPhase section */
		332BCA1B254038570079C142 /* Sources */ = {
			isa = PBXSourcesBuildPhase;
			buildActionMask = 2147483647;
			files = (
				332BCA2F25403A760079C142 /* module.cpp in Sources */,
				332BCA23254038570079C142 /* main.cpp in Sources */,
				3385DDCB2564970900595F94 /* device.cpp in Sources */,
				332BCA3225403B1C0079C142 /* processor.cpp in Sources */,
				332BCA2C25403A540079C142 /* misc.cpp in Sources */,
			);
			runOnlyForDeploymentPostprocessing = 0;
		};
/* End PBXSourcesBuildPhase section */

/* Begin XCBuildConfiguration section */
		332BCA24254038570079C142 /* Debug */ = {
			isa = XCBuildConfiguration;
			buildSettings = {
				ALWAYS_SEARCH_USER_PATHS = NO;
				CLANG_ANALYZER_NONNULL = YES;
				CLANG_ANALYZER_NUMBER_OBJECT_CONVERSION = YES_AGGRESSIVE;
				CLANG_CXX_LANGUAGE_STANDARD = "gnu++14";
				CLANG_CXX_LIBRARY = "libc++";
				CLANG_ENABLE_MODULES = YES;
				CLANG_ENABLE_OBJC_ARC = YES;
				CLANG_ENABLE_OBJC_WEAK = YES;
				CLANG_WARN_BLOCK_CAPTURE_AUTORELEASING = YES;
				CLANG_WARN_BOOL_CONVERSION = YES;
				CLANG_WARN_COMMA = YES;
				CLANG_WARN_CONSTANT_CONVERSION = YES;
				CLANG_WARN_DEPRECATED_OBJC_IMPLEMENTATIONS = YES;
				CLANG_WARN_DIRECT_OBJC_ISA_USAGE = YES_ERROR;
				CLANG_WARN_DOCUMENTATION_COMMENTS = YES;
				CLANG_WARN_EMPTY_BODY = YES;
				CLANG_WARN_ENUM_CONVERSION = YES;
				CLANG_WARN_INFINITE_RECURSION = YES;
				CLANG_WARN_INT_CONVERSION = YES;
				CLANG_WARN_NON_LITERAL_NULL_CONVERSION = YES;
				CLANG_WARN_OBJC_IMPLICIT_RETAIN_SELF = YES;
				CLANG_WARN_OBJC_LITERAL_CONVERSION = YES;
				CLANG_WARN_OBJC_ROOT_CLASS = YES_ERROR;
				CLANG_WARN_QUOTED_INCLUDE_IN_FRAMEWORK_HEADER = YES;
				CLANG_WARN_RANGE_LOOP_ANALYSIS = YES;
				CLANG_WARN_STRICT_PROTOTYPES = YES;
				CLANG_WARN_SUSPICIOUS_MOVE = YES;
				CLANG_WARN_UNGUARDED_AVAILABILITY = YES_AGGRESSIVE;
				CLANG_WARN_UNREACHABLE_CODE = YES;
				CLANG_WARN__DUPLICATE_METHOD_MATCH = YES;
				CODE_SIGN_IDENTITY = "Mac Developer";
				COPY_PHASE_STRIP = NO;
				DEBUG_INFORMATION_FORMAT = dwarf;
				ENABLE_STRICT_OBJC_MSGSEND = YES;
				ENABLE_TESTABILITY = YES;
				GCC_C_LANGUAGE_STANDARD = gnu11;
				GCC_DYNAMIC_NO_PIC = NO;
				GCC_NO_COMMON_BLOCKS = YES;
				GCC_OPTIMIZATION_LEVEL = 0;
				GCC_PREPROCESSOR_DEFINITIONS = (
					"DEBUG=1",
					"$(inherited)",
				);
				GCC_WARN_64_TO_32_BIT_CONVERSION = YES;
				GCC_WARN_ABOUT_RETURN_TYPE = YES_ERROR;
				GCC_WARN_UNDECLARED_SELECTOR = YES;
				GCC_WARN_UNINITIALIZED_AUTOS = YES_AGGRESSIVE;
				GCC_WARN_UNUSED_FUNCTION = YES;
				GCC_WARN_UNUSED_VARIABLE = YES;
				MACOSX_DEPLOYMENT_TARGET = 10.13;
				MTL_ENABLE_DEBUG_INFO = YES;
				ONLY_ACTIVE_ARCH = YES;
				SDKROOT = macosx;
			};
			name = Debug;
		};
		332BCA25254038570079C142 /* Release */ = {
			isa = XCBuildConfiguration;
			buildSettings = {
				ALWAYS_SEARCH_USER_PATHS = NO;
				CLANG_ANALYZER_NONNULL = YES;
				CLANG_ANALYZER_NUMBER_OBJECT_CONVERSION = YES_AGGRESSIVE;
				CLANG_CXX_LANGUAGE_STANDARD = "gnu++14";
				CLANG_CXX_LIBRARY = "libc++";
				CLANG_ENABLE_MODULES = YES;
				CLANG_ENABLE_OBJC_ARC = YES;
				CLANG_ENABLE_OBJC_WEAK = YES;
				CLANG_WARN_BLOCK_CAPTURE_AUTORELEASING = YES;
				CLANG_WARN_BOOL_CONVERSION = YES;
				CLANG_WARN_COMMA = YES;
				CLANG_WARN_CONSTANT_CONVERSION = YES;
				CLANG_WARN_DEPRECATED_OBJC_IMPLEMENTATIONS = YES;
				CLANG_WARN_DIRECT_OBJC_ISA_USAGE = YES_ERROR;
				CLANG_WARN_DOCUMENTATION_COMMENTS = YES;
				CLANG_WARN_EMPTY_BODY = YES;
				CLANG_WARN_ENUM_CONVERSION = YES;
				CLANG_WARN_INFINITE_RECURSION = YES;
				CLANG_WARN_INT_CONVERSION = YES;
				CLANG_WARN_NON_LITERAL_NULL_CONVERSION = YES;
				CLANG_WARN_OBJC_IMPLICIT_RETAIN_SELF = YES;
				CLANG_WARN_OBJC_LITERAL_CONVERSION = YES;
				CLANG_WARN_OBJC_ROOT_CLASS = YES_ERROR;
				CLANG_WARN_QUOTED_INCLUDE_IN_FRAMEWORK_HEADER = YES;
				CLANG_WARN_RANGE_LOOP_ANALYSIS = YES;
				CLANG_WARN_STRICT_PROTOTYPES = YES;
				CLANG_WARN_SUSPICIOUS_MOVE = YES;
				CLANG_WARN_UNGUARDED_AVAILABILITY = YES_AGGRESSIVE;
				CLANG_WARN_UNREACHABLE_CODE = YES;
				CLANG_WARN__DUPLICATE_METHOD_MATCH = YES;
				CODE_SIGN_IDENTITY = "Mac Developer";
				COPY_PHASE_STRIP = NO;
				DEBUG_INFORMATION_FORMAT = "dwarf-with-dsym";
				ENABLE_NS_ASSERTIONS = NO;
				ENABLE_STRICT_OBJC_MSGSEND = YES;
				GCC_C_LANGUAGE_STANDARD = gnu11;
				GCC_NO_COMMON_BLOCKS = YES;
				GCC_WARN_64_TO_32_BIT_CONVERSION = YES;
				GCC_WARN_ABOUT_RETURN_TYPE = YES_ERROR;
				GCC_WARN_UNDECLARED_SELECTOR = YES;
				GCC_WARN_UNINITIALIZED_AUTOS = YES_AGGRESSIVE;
				GCC_WARN_UNUSED_FUNCTION = YES;
				GCC_WARN_UNUSED_VARIABLE = YES;
				MACOSX_DEPLOYMENT_TARGET = 10.13;
				MTL_ENABLE_DEBUG_INFO = NO;
				SDKROOT = macosx;
			};
			name = Release;
		};
		332BCA27254038570079C142 /* Debug */ = {
			isa = XCBuildConfiguration;
			buildSettings = {
				CODE_SIGN_IDENTITY = "Apple Development";
				CODE_SIGN_STYLE = Automatic;
				DEVELOPMENT_TEAM = D8RCN9C7X6;
				PRODUCT_BUNDLE_IDENTIFIER = zpet.duffyapp.it;
				PRODUCT_NAME = "$(TARGET_NAME)";
			};
			name = Debug;
		};
		332BCA28254038570079C142 /* Release */ = {
			isa = XCBuildConfiguration;
			buildSettings = {
				CODE_SIGN_IDENTITY = "Apple Development";
				CODE_SIGN_STYLE = Automatic;
				DEVELOPMENT_TEAM = D8RCN9C7X6;
				PRODUCT_BUNDLE_IDENTIFIER = zpet.duffyapp.it;
				PRODUCT_NAME = "$(TARGET_NAME)";
			};
			name = Release;
		};
/* End XCBuildConfiguration section */

/* Begin XCConfigurationList section */
		332BCA1A254038570079C142 /* Build configuration list for PBXProject "ZPET" */ = {
			isa = XCConfigurationList;
			buildConfigurations = (
				332BCA24254038570079C142 /* Debug */,
				332BCA25254038570079C142 /* Release */,
			);
			defaultConfigurationIsVisible = 0;
			defaultConfigurationName = Release;
		};
		332BCA26254038570079C142 /* Build configuration list for PBXNativeTarget "ZPET" */ = {
			isa = XCConfigurationList;
			buildConfigurations = (
				332BCA27254038570079C142 /* Debug */,
				332BCA28254038570079C142 /* Release */,
			);
			defaultConfigurationIsVisible = 0;
			defaultConfigurationName = Release;
		};
/* End XCConfigurationList section */
	};
	rootObject = 332BCA17254038570079C142 /* Project object */;
}
